// !$*UTF8*$!
{
	archiveVersion = 1;
	classes = {
	};
	objectVersion = 55;
	objects = {

/* Begin PBXBuildFile section */
		F42FA6F4277078EF000CD6B3 /* PopupUIView.swift in Sources */ = {isa = PBXBuildFile; fileRef = F42FA6F3277078EF000CD6B3 /* PopupUIView.swift */; };
		F42FA6F627707AD3000CD6B3 /* AppUIButton.swift in Sources */ = {isa = PBXBuildFile; fileRef = F42FA6F527707AD3000CD6B3 /* AppUIButton.swift */; };
		F43B87CD2770595100FD975A /* TripTableViewCell.swift in Sources */ = {isa = PBXBuildFile; fileRef = F43B87CC2770595100FD975A /* TripTableViewCell.swift */; };
		F43B87D02770603800FD975A /* UIViewExtensions.swift in Sources */ = {isa = PBXBuildFile; fileRef = F43B87CF2770603800FD975A /* UIViewExtensions.swift */; };
		F43B87D32770613900FD975A /* Theme.swift in Sources */ = {isa = PBXBuildFile; fileRef = F43B87D22770613900FD975A /* Theme.swift */; };
		F43B87D5277061C500FD975A /* FugazOne-Regular.ttf in Resources */ = {isa = PBXBuildFile; fileRef = F43B87D4277061C500FD975A /* FugazOne-Regular.ttf */; };
		F43B87D72770635E00FD975A /* Colors.xcassets in Resources */ = {isa = PBXBuildFile; fileRef = F43B87D62770635E00FD975A /* Colors.xcassets */; };
		F43B87D927706AF800FD975A /* UIButtonExtensions.swift in Sources */ = {isa = PBXBuildFile; fileRef = F43B87D827706AF800FD975A /* UIButtonExtensions.swift */; };
		F43B87DB27706C5400FD975A /* FloatingActionButton.swift in Sources */ = {isa = PBXBuildFile; fileRef = F43B87DA27706C5400FD975A /* FloatingActionButton.swift */; };
		F43B87DD27706FB800FD975A /* AddTripsViewController.storyboard in Resources */ = {isa = PBXBuildFile; fileRef = F43B87DC27706FB800FD975A /* AddTripsViewController.storyboard */; };
		F43B87E027706FF500FD975A /* AddTripsViewController.swift in Sources */ = {isa = PBXBuildFile; fileRef = F43B87DF27706FF500FD975A /* AddTripsViewController.swift */; };
		F4FDEE9127702DBE0047AAF8 /* AppDelegate.swift in Sources */ = {isa = PBXBuildFile; fileRef = F4FDEE9027702DBE0047AAF8 /* AppDelegate.swift */; };
		F4FDEE9327702DBE0047AAF8 /* SceneDelegate.swift in Sources */ = {isa = PBXBuildFile; fileRef = F4FDEE9227702DBE0047AAF8 /* SceneDelegate.swift */; };
		F4FDEE9A27702DC00047AAF8 /* Assets.xcassets in Resources */ = {isa = PBXBuildFile; fileRef = F4FDEE9927702DC00047AAF8 /* Assets.xcassets */; };
		F4FDEEA727702E530047AAF8 /* TripModel.swift in Sources */ = {isa = PBXBuildFile; fileRef = F4FDEEA627702E530047AAF8 /* TripModel.swift */; };
		F4FDEEA927702E5E0047AAF8 /* TripFunction.swift in Sources */ = {isa = PBXBuildFile; fileRef = F4FDEEA827702E5E0047AAF8 /* TripFunction.swift */; };
		F4FDEEAB27702FD40047AAF8 /* Data.swift in Sources */ = {isa = PBXBuildFile; fileRef = F4FDEEAA27702FD40047AAF8 /* Data.swift */; };
		F4FDEEAF277038260047AAF8 /* TripsViewController.storyboard in Resources */ = {isa = PBXBuildFile; fileRef = F4FDEEAE277038260047AAF8 /* TripsViewController.storyboard */; };
		F4FDEEB12770383E0047AAF8 /* TripsViewController.swift in Sources */ = {isa = PBXBuildFile; fileRef = F4FDEEB02770383E0047AAF8 /* TripsViewController.swift */; };
/* End PBXBuildFile section */

/* Begin PBXFileReference section */
		F42FA6F3277078EF000CD6B3 /* PopupUIView.swift */ = {isa = PBXFileReference; lastKnownFileType = sourcecode.swift; path = PopupUIView.swift; sourceTree = "<group>"; };
		F42FA6F527707AD3000CD6B3 /* AppUIButton.swift */ = {isa = PBXFileReference; lastKnownFileType = sourcecode.swift; path = AppUIButton.swift; sourceTree = "<group>"; };
		F43B87CC2770595100FD975A /* TripTableViewCell.swift */ = {isa = PBXFileReference; lastKnownFileType = sourcecode.swift; path = TripTableViewCell.swift; sourceTree = "<group>"; };
		F43B87CF2770603800FD975A /* UIViewExtensions.swift */ = {isa = PBXFileReference; lastKnownFileType = sourcecode.swift; path = UIViewExtensions.swift; sourceTree = "<group>"; };
		F43B87D22770613900FD975A /* Theme.swift */ = {isa = PBXFileReference; lastKnownFileType = sourcecode.swift; path = Theme.swift; sourceTree = "<group>"; };
		F43B87D4277061C500FD975A /* FugazOne-Regular.ttf */ = {isa = PBXFileReference; lastKnownFileType = file; path = "FugazOne-Regular.ttf"; sourceTree = "<group>"; };
		F43B87D62770635E00FD975A /* Colors.xcassets */ = {isa = PBXFileReference; lastKnownFileType = folder.assetcatalog; path = Colors.xcassets; sourceTree = "<group>"; };
		F43B87D827706AF800FD975A /* UIButtonExtensions.swift */ = {isa = PBXFileReference; lastKnownFileType = sourcecode.swift; path = UIButtonExtensions.swift; sourceTree = "<group>"; };
		F43B87DA27706C5400FD975A /* FloatingActionButton.swift */ = {isa = PBXFileReference; lastKnownFileType = sourcecode.swift; path = FloatingActionButton.swift; sourceTree = "<group>"; };
		F43B87DC27706FB800FD975A /* AddTripsViewController.storyboard */ = {isa = PBXFileReference; fileEncoding = 4; lastKnownFileType = file.storyboard; path = AddTripsViewController.storyboard; sourceTree = "<group>"; };
		F43B87DF27706FF500FD975A /* AddTripsViewController.swift */ = {isa = PBXFileReference; lastKnownFileType = sourcecode.swift; path = AddTripsViewController.swift; sourceTree = "<group>"; };
		F4FDEE8D27702DBE0047AAF8 /* ItineraryApp.app */ = {isa = PBXFileReference; explicitFileType = wrapper.application; includeInIndex = 0; path = ItineraryApp.app; sourceTree = BUILT_PRODUCTS_DIR; };
		F4FDEE9027702DBE0047AAF8 /* AppDelegate.swift */ = {isa = PBXFileReference; lastKnownFileType = sourcecode.swift; path = AppDelegate.swift; sourceTree = "<group>"; };
		F4FDEE9227702DBE0047AAF8 /* SceneDelegate.swift */ = {isa = PBXFileReference; lastKnownFileType = sourcecode.swift; path = SceneDelegate.swift; sourceTree = "<group>"; };
		F4FDEE9927702DC00047AAF8 /* Assets.xcassets */ = {isa = PBXFileReference; lastKnownFileType = folder.assetcatalog; path = Assets.xcassets; sourceTree = "<group>"; };
		F4FDEE9E27702DC00047AAF8 /* Info.plist */ = {isa = PBXFileReference; lastKnownFileType = text.plist.xml; path = Info.plist; sourceTree = "<group>"; };
		F4FDEEA627702E530047AAF8 /* TripModel.swift */ = {isa = PBXFileReference; lastKnownFileType = sourcecode.swift; path = TripModel.swift; sourceTree = "<group>"; };
		F4FDEEA827702E5E0047AAF8 /* TripFunction.swift */ = {isa = PBXFileReference; lastKnownFileType = sourcecode.swift; path = TripFunction.swift; sourceTree = "<group>"; };
		F4FDEEAA27702FD40047AAF8 /* Data.swift */ = {isa = PBXFileReference; lastKnownFileType = sourcecode.swift; path = Data.swift; sourceTree = "<group>"; };
		F4FDEEAE277038260047AAF8 /* TripsViewController.storyboard */ = {isa = PBXFileReference; lastKnownFileType = file.storyboard; path = TripsViewController.storyboard; sourceTree = "<group>"; };
		F4FDEEB02770383E0047AAF8 /* TripsViewController.swift */ = {isa = PBXFileReference; lastKnownFileType = sourcecode.swift; path = TripsViewController.swift; sourceTree = "<group>"; };
/* End PBXFileReference section */

/* Begin PBXFrameworksBuildPhase section */
		F4FDEE8A27702DBE0047AAF8 /* Frameworks */ = {
			isa = PBXFrameworksBuildPhase;
			buildActionMask = 2147483647;
			files = (
			);
			runOnlyForDeploymentPostprocessing = 0;
		};
/* End PBXFrameworksBuildPhase section */

/* Begin PBXGroup section */
		F42FA6F2277078C0000CD6B3 /* CustomControl */ = {
			isa = PBXGroup;
			children = (
				F42FA6F3277078EF000CD6B3 /* PopupUIView.swift */,
				F42FA6F527707AD3000CD6B3 /* AppUIButton.swift */,
			);
			path = CustomControl;
			sourceTree = "<group>";
		};
		F43B87CE2770601400FD975A /* Extensions */ = {
			isa = PBXGroup;
			children = (
				F43B87CF2770603800FD975A /* UIViewExtensions.swift */,
				F43B87D827706AF800FD975A /* UIButtonExtensions.swift */,
				F43B87DA27706C5400FD975A /* FloatingActionButton.swift */,
			);
			path = Extensions;
			sourceTree = "<group>";
		};
		F43B87D12770612C00FD975A /* Resource */ = {
			isa = PBXGroup;
			children = (
				F42FA6F2277078C0000CD6B3 /* CustomControl */,
				F43B87CE2770601400FD975A /* Extensions */,
				F43B87D4277061C500FD975A /* FugazOne-Regular.ttf */,
				F43B87D22770613900FD975A /* Theme.swift */,
				F43B87D62770635E00FD975A /* Colors.xcassets */,
			);
			path = Resource;
			sourceTree = "<group>";
		};
		F43B87DE27706FC600FD975A /* AddTripsViewController */ = {
			isa = PBXGroup;
			children = (
				F43B87DC27706FB800FD975A /* AddTripsViewController.storyboard */,
				F43B87DF27706FF500FD975A /* AddTripsViewController.swift */,
			);
			path = AddTripsViewController;
			sourceTree = "<group>";
		};
		F4FDEE8427702DBE0047AAF8 = {
			isa = PBXGroup;
			children = (
				F43B87D12770612C00FD975A /* Resource */,
				F4FDEEAC277037D10047AAF8 /* Views */,
				F4FDEEA427702E320047AAF8 /* Model */,
				F4FDEE8F27702DBE0047AAF8 /* ItineraryApp */,
				F4FDEE8E27702DBE0047AAF8 /* Products */,
			);
			sourceTree = "<group>";
		};
		F4FDEE8E27702DBE0047AAF8 /* Products */ = {
			isa = PBXGroup;
			children = (
				F4FDEE8D27702DBE0047AAF8 /* ItineraryApp.app */,
			);
			name = Products;
			sourceTree = "<group>";
		};
		F4FDEE8F27702DBE0047AAF8 /* ItineraryApp */ = {
			isa = PBXGroup;
			children = (
				F4FDEE9027702DBE0047AAF8 /* AppDelegate.swift */,
				F4FDEE9227702DBE0047AAF8 /* SceneDelegate.swift */,
				F4FDEE9927702DC00047AAF8 /* Assets.xcassets */,
				F4FDEE9E27702DC00047AAF8 /* Info.plist */,
			);
			path = ItineraryApp;
			sourceTree = "<group>";
		};
		F4FDEEA427702E320047AAF8 /* Model */ = {
			isa = PBXGroup;
			children = (
				F4FDEEAA27702FD40047AAF8 /* Data.swift */,
				F4FDEEA527702E400047AAF8 /* Trip */,
			);
			path = Model;
			sourceTree = "<group>";
		};
		F4FDEEA527702E400047AAF8 /* Trip */ = {
			isa = PBXGroup;
			children = (
				F4FDEEA627702E530047AAF8 /* TripModel.swift */,
				F4FDEEA827702E5E0047AAF8 /* TripFunction.swift */,
			);
			path = Trip;
			sourceTree = "<group>";
		};
		F4FDEEAC277037D10047AAF8 /* Views */ = {
			isa = PBXGroup;
			children = (
				F43B87DE27706FC600FD975A /* AddTripsViewController */,
				F4FDEEAD277037E20047AAF8 /* TripsViewController */,
			);
			path = Views;
			sourceTree = "<group>";
		};
		F4FDEEAD277037E20047AAF8 /* TripsViewController */ = {
			isa = PBXGroup;
			children = (
				F4FDEEAE277038260047AAF8 /* TripsViewController.storyboard */,
				F4FDEEB02770383E0047AAF8 /* TripsViewController.swift */,
				F43B87CC2770595100FD975A /* TripTableViewCell.swift */,
			);
			path = TripsViewController;
			sourceTree = "<group>";
		};
/* End PBXGroup section */

/* Begin PBXNativeTarget section */
		F4FDEE8C27702DBE0047AAF8 /* ItineraryApp */ = {
			isa = PBXNativeTarget;
			buildConfigurationList = F4FDEEA127702DC00047AAF8 /* Build configuration list for PBXNativeTarget "ItineraryApp" */;
			buildPhases = (
				F4FDEE8927702DBE0047AAF8 /* Sources */,
				F4FDEE8A27702DBE0047AAF8 /* Frameworks */,
				F4FDEE8B27702DBE0047AAF8 /* Resources */,
			);
			buildRules = (
			);
			dependencies = (
			);
			name = ItineraryApp;
			productName = ItineraryApp;
			productReference = F4FDEE8D27702DBE0047AAF8 /* ItineraryApp.app */;
			productType = "com.apple.product-type.application";
		};
/* End PBXNativeTarget section */

/* Begin PBXProject section */
		F4FDEE8527702DBE0047AAF8 /* Project object */ = {
			isa = PBXProject;
			attributes = {
				BuildIndependentTargetsInParallel = 1;
				LastSwiftUpdateCheck = 1310;
				LastUpgradeCheck = 1310;
				TargetAttributes = {
					F4FDEE8C27702DBE0047AAF8 = {
						CreatedOnToolsVersion = 13.1;
					};
				};
			};
			buildConfigurationList = F4FDEE8827702DBE0047AAF8 /* Build configuration list for PBXProject "ItineraryApp" */;
			compatibilityVersion = "Xcode 13.0";
			developmentRegion = en;
			hasScannedForEncodings = 0;
			knownRegions = (
				en,
				Base,
			);
			mainGroup = F4FDEE8427702DBE0047AAF8;
			productRefGroup = F4FDEE8E27702DBE0047AAF8 /* Products */;
			projectDirPath = "";
			projectRoot = "";
			targets = (
				F4FDEE8C27702DBE0047AAF8 /* ItineraryApp */,
			);
		};
/* End PBXProject section */

/* Begin PBXResourcesBuildPhase section */
		F4FDEE8B27702DBE0047AAF8 /* Resources */ = {
			isa = PBXResourcesBuildPhase;
			buildActionMask = 2147483647;
			files = (
				F43B87D5277061C500FD975A /* FugazOne-Regular.ttf in Resources */,
				F43B87D72770635E00FD975A /* Colors.xcassets in Resources */,
				F43B87DD27706FB800FD975A /* AddTripsViewController.storyboard in Resources */,
				F4FDEEAF277038260047AAF8 /* TripsViewController.storyboard in Resources */,
				F4FDEE9A27702DC00047AAF8 /* Assets.xcassets in Resources */,
			);
			runOnlyForDeploymentPostprocessing = 0;
		};
/* End PBXResourcesBuildPhase section */

/* Begin PBXSourcesBuildPhase section */
		F4FDEE8927702DBE0047AAF8 /* Sources */ = {
			isa = PBXSourcesBuildPhase;
			buildActionMask = 2147483647;
			files = (
				F43B87D32770613900FD975A /* Theme.swift in Sources */,
				F42FA6F627707AD3000CD6B3 /* AppUIButton.swift in Sources */,
				F42FA6F4277078EF000CD6B3 /* PopupUIView.swift in Sources */,
				F4FDEE9127702DBE0047AAF8 /* AppDelegate.swift in Sources */,
				F43B87CD2770595100FD975A /* TripTableViewCell.swift in Sources */,
				F43B87D02770603800FD975A /* UIViewExtensions.swift in Sources */,
				F4FDEEAB27702FD40047AAF8 /* Data.swift in Sources */,
				F43B87D927706AF800FD975A /* UIButtonExtensions.swift in Sources */,
				F4FDEE9327702DBE0047AAF8 /* SceneDelegate.swift in Sources */,
				F4FDEEB12770383E0047AAF8 /* TripsViewController.swift in Sources */,
				F4FDEEA927702E5E0047AAF8 /* TripFunction.swift in Sources */,
				F43B87E027706FF500FD975A /* AddTripsViewController.swift in Sources */,
				F43B87DB27706C5400FD975A /* FloatingActionButton.swift in Sources */,
				F4FDEEA727702E530047AAF8 /* TripModel.swift in Sources */,
			);
			runOnlyForDeploymentPostprocessing = 0;
		};
/* End PBXSourcesBuildPhase section */

/* Begin XCBuildConfiguration section */
		F4FDEE9F27702DC00047AAF8 /* Debug */ = {
			isa = XCBuildConfiguration;
			buildSettings = {
				ALWAYS_SEARCH_USER_PATHS = NO;
				CLANG_ANALYZER_NONNULL = YES;
				CLANG_ANALYZER_NUMBER_OBJECT_CONVERSION = YES_AGGRESSIVE;
				CLANG_CXX_LANGUAGE_STANDARD = "gnu++17";
				CLANG_CXX_LIBRARY = "libc++";
				CLANG_ENABLE_MODULES = YES;
				CLANG_ENABLE_OBJC_ARC = YES;
				CLANG_ENABLE_OBJC_WEAK = YES;
				CLANG_WARN_BLOCK_CAPTURE_AUTORELEASING = YES;
				CLANG_WARN_BOOL_CONVERSION = YES;
				CLANG_WARN_COMMA = YES;
				CLANG_WARN_CONSTANT_CONVERSION = YES;
				CLANG_WARN_DEPRECATED_OBJC_IMPLEMENTATIONS = YES;
				CLANG_WARN_DIRECT_OBJC_ISA_USAGE = YES_ERROR;
				CLANG_WARN_DOCUMENTATION_COMMENTS = YES;
				CLANG_WARN_EMPTY_BODY = YES;
				CLANG_WARN_ENUM_CONVERSION = YES;
				CLANG_WARN_INFINITE_RECURSION = YES;
				CLANG_WARN_INT_CONVERSION = YES;
				CLANG_WARN_NON_LITERAL_NULL_CONVERSION = YES;
				CLANG_WARN_OBJC_IMPLICIT_RETAIN_SELF = YES;
				CLANG_WARN_OBJC_LITERAL_CONVERSION = YES;
				CLANG_WARN_OBJC_ROOT_CLASS = YES_ERROR;
				CLANG_WARN_QUOTED_INCLUDE_IN_FRAMEWORK_HEADER = YES;
				CLANG_WARN_RANGE_LOOP_ANALYSIS = YES;
				CLANG_WARN_STRICT_PROTOTYPES = YES;
				CLANG_WARN_SUSPICIOUS_MOVE = YES;
				CLANG_WARN_UNGUARDED_AVAILABILITY = YES_AGGRESSIVE;
				CLANG_WARN_UNREACHABLE_CODE = YES;
				CLANG_WARN__DUPLICATE_METHOD_MATCH = YES;
				COPY_PHASE_STRIP = NO;
				DEBUG_INFORMATION_FORMAT = dwarf;
				ENABLE_STRICT_OBJC_MSGSEND = YES;
				ENABLE_TESTABILITY = YES;
				GCC_C_LANGUAGE_STANDARD = gnu11;
				GCC_DYNAMIC_NO_PIC = NO;
				GCC_NO_COMMON_BLOCKS = YES;
				GCC_OPTIMIZATION_LEVEL = 0;
				GCC_PREPROCESSOR_DEFINITIONS = (
					"DEBUG=1",
					"$(inherited)",
				);
				GCC_WARN_64_TO_32_BIT_CONVERSION = YES;
				GCC_WARN_ABOUT_RETURN_TYPE = YES_ERROR;
				GCC_WARN_UNDECLARED_SELECTOR = YES;
				GCC_WARN_UNINITIALIZED_AUTOS = YES_AGGRESSIVE;
				GCC_WARN_UNUSED_FUNCTION = YES;
				GCC_WARN_UNUSED_VARIABLE = YES;
				IPHONEOS_DEPLOYMENT_TARGET = 15.0;
				MTL_ENABLE_DEBUG_INFO = INCLUDE_SOURCE;
				MTL_FAST_MATH = YES;
				ONLY_ACTIVE_ARCH = YES;
				SDKROOT = iphoneos;
				SWIFT_ACTIVE_COMPILATION_CONDITIONS = DEBUG;
				SWIFT_OPTIMIZATION_LEVEL = "-Onone";
			};
			name = Debug;
		};
		F4FDEEA027702DC00047AAF8 /* Release */ = {
			isa = XCBuildConfiguration;
			buildSettings = {
				ALWAYS_SEARCH_USER_PATHS = NO;
				CLANG_ANALYZER_NONNULL = YES;
				CLANG_ANALYZER_NUMBER_OBJECT_CONVERSION = YES_AGGRESSIVE;
				CLANG_CXX_LANGUAGE_STANDARD = "gnu++17";
				CLANG_CXX_LIBRARY = "libc++";
				CLANG_ENABLE_MODULES = YES;
				CLANG_ENABLE_OBJC_ARC = YES;
				CLANG_ENABLE_OBJC_WEAK = YES;
				CLANG_WARN_BLOCK_CAPTURE_AUTORELEASING = YES;
				CLANG_WARN_BOOL_CONVERSION = YES;
				CLANG_WARN_COMMA = YES;
				CLANG_WARN_CONSTANT_CONVERSION = YES;
				CLANG_WARN_DEPRECATED_OBJC_IMPLEMENTATIONS = YES;
				CLANG_WARN_DIRECT_OBJC_ISA_USAGE = YES_ERROR;
				CLANG_WARN_DOCUMENTATION_COMMENTS = YES;
				CLANG_WARN_EMPTY_BODY = YES;
				CLANG_WARN_ENUM_CONVERSION = YES;
				CLANG_WARN_INFINITE_RECURSION = YES;
				CLANG_WARN_INT_CONVERSION = YES;
				CLANG_WARN_NON_LITERAL_NULL_CONVERSION = YES;
				CLANG_WARN_OBJC_IMPLICIT_RETAIN_SELF = YES;
				CLANG_WARN_OBJC_LITERAL_CONVERSION = YES;
				CLANG_WARN_OBJC_ROOT_CLASS = YES_ERROR;
				CLANG_WARN_QUOTED_INCLUDE_IN_FRAMEWORK_HEADER = YES;
				CLANG_WARN_RANGE_LOOP_ANALYSIS = YES;
				CLANG_WARN_STRICT_PROTOTYPES = YES;
				CLANG_WARN_SUSPICIOUS_MOVE = YES;
				CLANG_WARN_UNGUARDED_AVAILABILITY = YES_AGGRESSIVE;
				CLANG_WARN_UNREACHABLE_CODE = YES;
				CLANG_WARN__DUPLICATE_METHOD_MATCH = YES;
				COPY_PHASE_STRIP = NO;
				DEBUG_INFORMATION_FORMAT = "dwarf-with-dsym";
				ENABLE_NS_ASSERTIONS = NO;
				ENABLE_STRICT_OBJC_MSGSEND = YES;
				GCC_C_LANGUAGE_STANDARD = gnu11;
				GCC_NO_COMMON_BLOCKS = YES;
				GCC_WARN_64_TO_32_BIT_CONVERSION = YES;
				GCC_WARN_ABOUT_RETURN_TYPE = YES_ERROR;
				GCC_WARN_UNDECLARED_SELECTOR = YES;
				GCC_WARN_UNINITIALIZED_AUTOS = YES_AGGRESSIVE;
				GCC_WARN_UNUSED_FUNCTION = YES;
				GCC_WARN_UNUSED_VARIABLE = YES;
				IPHONEOS_DEPLOYMENT_TARGET = 15.0;
				MTL_ENABLE_DEBUG_INFO = NO;
				MTL_FAST_MATH = YES;
				SDKROOT = iphoneos;
				SWIFT_COMPILATION_MODE = wholemodule;
				SWIFT_OPTIMIZATION_LEVEL = "-O";
				VALIDATE_PRODUCT = YES;
			};
			name = Release;
		};
		F4FDEEA227702DC00047AAF8 /* Debug */ = {
			isa = XCBuildConfiguration;
			buildSettings = {
				ASSETCATALOG_COMPILER_APPICON_NAME = AppIcon;
				ASSETCATALOG_COMPILER_GLOBAL_ACCENT_COLOR_NAME = AccentColor;
				CODE_SIGN_STYLE = Automatic;
				CURRENT_PROJECT_VERSION = 1;
				GENERATE_INFOPLIST_FILE = YES;
				INFOPLIST_FILE = ItineraryApp/Info.plist;
				INFOPLIST_KEY_UIApplicationSupportsIndirectInputEvents = YES;
				INFOPLIST_KEY_UILaunchStoryboardName = LaunchScreen;
				INFOPLIST_KEY_UIMainStoryboardFile = TripsViewController;
				INFOPLIST_KEY_UISupportedInterfaceOrientations = "UIInterfaceOrientationPortrait UIInterfaceOrientationLandscapeLeft UIInterfaceOrientationLandscapeRight";
				INFOPLIST_KEY_UISupportedInterfaceOrientations_iPad = "UIInterfaceOrientationPortrait UIInterfaceOrientationPortraitUpsideDown UIInterfaceOrientationLandscapeLeft UIInterfaceOrientationLandscapeRight";
				INFOPLIST_KEY_UISupportedInterfaceOrientations_iPhone = "UIInterfaceOrientationPortrait UIInterfaceOrientationLandscapeLeft UIInterfaceOrientationLandscapeRight";
				LD_RUNPATH_SEARCH_PATHS = (
					"$(inherited)",
					"@executable_path/Frameworks",
				);
				MARKETING_VERSION = 1.0;
				PRODUCT_BUNDLE_IDENTIFIER = trungduc.ItineraryApp;
				PRODUCT_NAME = "$(TARGET_NAME)";
				SWIFT_EMIT_LOC_STRINGS = YES;
				SWIFT_VERSION = 5.0;
				TARGETED_DEVICE_FAMILY = "1,2";
			};
			name = Debug;
		};
		F4FDEEA327702DC00047AAF8 /* Release */ = {
			isa = XCBuildConfiguration;
			buildSettings = {
				ASSETCATALOG_COMPILER_APPICON_NAME = AppIcon;
				ASSETCATALOG_COMPILER_GLOBAL_ACCENT_COLOR_NAME = AccentColor;
				CODE_SIGN_STYLE = Automatic;
				CURRENT_PROJECT_VERSION = 1;
				GENERATE_INFOPLIST_FILE = YES;
				INFOPLIST_FILE = ItineraryApp/Info.plist;
				INFOPLIST_KEY_UIApplicationSupportsIndirectInputEvents = YES;
				INFOPLIST_KEY_UILaunchStoryboardName = LaunchScreen;
				INFOPLIST_KEY_UIMainStoryboardFile = TripsViewController;
				INFOPLIST_KEY_UISupportedInterfaceOrientations = "UIInterfaceOrientationPortrait UIInterfaceOrientationLandscapeLeft UIInterfaceOrientationLandscapeRight";
				INFOPLIST_KEY_UISupportedInterfaceOrientations_iPad = "UIInterfaceOrientationPortrait UIInterfaceOrientationPortraitUpsideDown UIInterfaceOrientationLandscapeLeft UIInterfaceOrientationLandscapeRight";
				INFOPLIST_KEY_UISupportedInterfaceOrientations_iPhone = "UIInterfaceOrientationPortrait UIInterfaceOrientationLandscapeLeft UIInterfaceOrientationLandscapeRight";
				LD_RUNPATH_SEARCH_PATHS = (
					"$(inherited)",
					"@executable_path/Frameworks",
				);
				MARKETING_VERSION = 1.0;
				PRODUCT_BUNDLE_IDENTIFIER = trungduc.ItineraryApp;
				PRODUCT_NAME = "$(TARGET_NAME)";
				SWIFT_EMIT_LOC_STRINGS = YES;
				SWIFT_VERSION = 5.0;
				TARGETED_DEVICE_FAMILY = "1,2";
			};
			name = Release;
		};
/* End XCBuildConfiguration section */

/* Begin XCConfigurationList section */
		F4FDEE8827702DBE0047AAF8 /* Build configuration list for PBXProject "ItineraryApp" */ = {
			isa = XCConfigurationList;
			buildConfigurations = (
				F4FDEE9F27702DC00047AAF8 /* Debug */,
				F4FDEEA027702DC00047AAF8 /* Release */,
			);
			defaultConfigurationIsVisible = 0;
			defaultConfigurationName = Release;
		};
		F4FDEEA127702DC00047AAF8 /* Build configuration list for PBXNativeTarget "ItineraryApp" */ = {
			isa = XCConfigurationList;
			buildConfigurations = (
				F4FDEEA227702DC00047AAF8 /* Debug */,
				F4FDEEA327702DC00047AAF8 /* Release */,
			);
			defaultConfigurationIsVisible = 0;
			defaultConfigurationName = Release;
		};
/* End XCConfigurationList section */
	};
	rootObject = F4FDEE8527702DBE0047AAF8 /* Project object */;
}
